
Microsoft Visual Studio Solution File, Format Version 12.00
# Visual Studio Version 17
VisualStudioVersion = 17.1.31903.286
MinimumVisualStudioVersion = 10.0.40219.1
Project("{FAE04EC0-301F-11D3-BF4B-00C04F79EFBC}") = "AdventOfCode2021", "AdventOfCode2021\AdventOfCode2021.csproj", "{B63CABAF-5711-4437-81E7-FF57B0E516E2}"
EndProject
Project("{FAE04EC0-301F-11D3-BF4B-00C04F79EFBC}") = "AdventOfCode2021.Tests", "AdventOfCode2021.Tests\AdventOfCode2021.Tests.csproj", "{8BF30573-F8B0-4F46-B9FD-815C5C2D31D7}"
EndProject
Global
	GlobalSection(SolutionConfigurationPlatforms) = preSolution
		Debug|Any CPU = Debug|Any CPU
		Release|Any CPU = Release|Any CPU
	EndGlobalSection
	GlobalSection(ProjectConfigurationPlatforms) = postSolution
		{B63CABAF-5711-4437-81E7-FF57B0E516E2}.Debug|Any CPU.ActiveCfg = Debug|Any CPU
		{B63CABAF-5711-4437-81E7-FF57B0E516E2}.Debug|Any CPU.Build.0 = Debug|Any CPU
		{B63CABAF-5711-4437-81E7-FF57B0E516E2}.Release|Any CPU.ActiveCfg = Release|Any CPU
		{B63CABAF-5711-4437-81E7-FF57B0E516E2}.Release|Any CPU.Build.0 = Release|Any CPU
		{8BF30573-F8B0-4F46-B9FD-815C5C2D31D7}.Debug|Any CPU.ActiveCfg = Debug|Any CPU
		{8BF30573-F8B0-4F46-B9FD-815C5C2D31D7}.Debug|Any CPU.Build.0 = Debug|Any CPU
		{8BF30573-F8B0-4F46-B9FD-815C5C2D31D7}.Release|Any CPU.ActiveCfg = Release|Any CPU
		{8BF30573-F8B0-4F46-B9FD-815C5C2D31D7}.Release|Any CPU.Build.0 = Release|Any CPU
	EndGlobalSection
	GlobalSection(SolutionProperties) = preSolution
		HideSolutionNode = FALSE
	EndGlobalSection
	GlobalSection(ExtensibilityGlobals) = postSolution
		SolutionGuid = {FE93EE59-251E-48B8-8907-611648A5F93B}
	EndGlobalSection
EndGlobal
